
Microsoft Visual Studio Solution File, Format Version 11.00
# Visual Studio 2010
Project("{FAE04EC0-301F-11D3-BF4B-00C04F79EFBC}") = "WarSpot.Contracts.Intellect", "WarSpot.Contracts.Intellect\WarSpot.Contracts.Intellect.csproj", "{218A447E-8808-4987-B665-A8B1FB107022}"
EndProject
Project("{FAE04EC0-301F-11D3-BF4B-00C04F79EFBC}") = "WarSpot.Client.XnaClient", "WarSpot.Client.XnaClient\WarSpot.Client.XnaClient\WarSpot.Client.XnaClient.csproj", "{8E6F7189-150C-4E93-B98F-28A1CC200D79}"
EndProject
Project("{FAE04EC0-301F-11D3-BF4B-00C04F79EFBC}") = "WarSpot.Client.XnaClientContent", "WarSpot.Client.XnaClient\WarSpot.Client.XnaClientContent\WarSpot.Client.XnaClientContent.contentproj", "{527DA210-44B9-4E24-BE23-C83BC8339C6A}"
EndProject
Project("{FAE04EC0-301F-11D3-BF4B-00C04F79EFBC}") = "WarSpot.MatchComputer", "WarSpot.MatchComputer\WarSpot.MatchComputer.csproj", "{8B236A28-C004-4207-8F6E-2DE18D4739D5}"
EndProject
Project("{FAE04EC0-301F-11D3-BF4B-00C04F79EFBC}") = "WarSpot.Xna.Lite", "WarSpot.Xna.Framework.Lite\WarSpot.Xna.Lite.csproj", "{B76FFCE6-2D2B-43F2-B71F-EDA7ED82FEB5}"
EndProject
Global
	GlobalSection(SolutionConfigurationPlatforms) = preSolution
		Debug|Any CPU = Debug|Any CPU
		Debug|Mixed Platforms = Debug|Mixed Platforms
		Debug|X64 = Debug|X64
		Debug|x86 = Debug|x86
		Release|Any CPU = Release|Any CPU
		Release|Mixed Platforms = Release|Mixed Platforms
		Release|X64 = Release|X64
		Release|x86 = Release|x86
	EndGlobalSection
	GlobalSection(ProjectConfigurationPlatforms) = postSolution
		{218A447E-8808-4987-B665-A8B1FB107022}.Debug|Any CPU.ActiveCfg = Debug|Any CPU
		{218A447E-8808-4987-B665-A8B1FB107022}.Debug|Any CPU.Build.0 = Debug|Any CPU
		{218A447E-8808-4987-B665-A8B1FB107022}.Debug|Mixed Platforms.ActiveCfg = Debug|X64
		{218A447E-8808-4987-B665-A8B1FB107022}.Debug|Mixed Platforms.Build.0 = Debug|X64
		{218A447E-8808-4987-B665-A8B1FB107022}.Debug|X64.ActiveCfg = Debug|X64
		{218A447E-8808-4987-B665-A8B1FB107022}.Debug|X64.Build.0 = Debug|X64
		{218A447E-8808-4987-B665-A8B1FB107022}.Debug|x86.ActiveCfg = Debug|X64
		{218A447E-8808-4987-B665-A8B1FB107022}.Release|Any CPU.ActiveCfg = Release|Any CPU
		{218A447E-8808-4987-B665-A8B1FB107022}.Release|Any CPU.Build.0 = Release|Any CPU
		{218A447E-8808-4987-B665-A8B1FB107022}.Release|Mixed Platforms.ActiveCfg = Release|X64
		{218A447E-8808-4987-B665-A8B1FB107022}.Release|Mixed Platforms.Build.0 = Release|X64
		{218A447E-8808-4987-B665-A8B1FB107022}.Release|X64.ActiveCfg = Release|X64
		{218A447E-8808-4987-B665-A8B1FB107022}.Release|X64.Build.0 = Release|X64
		{218A447E-8808-4987-B665-A8B1FB107022}.Release|x86.ActiveCfg = Release|X64
		{8E6F7189-150C-4E93-B98F-28A1CC200D79}.Debug|Any CPU.ActiveCfg = Debug|x86
		{8E6F7189-150C-4E93-B98F-28A1CC200D79}.Debug|Mixed Platforms.ActiveCfg = Debug|x86
		{8E6F7189-150C-4E93-B98F-28A1CC200D79}.Debug|Mixed Platforms.Build.0 = Debug|x86
		{8E6F7189-150C-4E93-B98F-28A1CC200D79}.Debug|X64.ActiveCfg = Debug|x86
		{8E6F7189-150C-4E93-B98F-28A1CC200D79}.Debug|x86.ActiveCfg = Debug|x86
		{8E6F7189-150C-4E93-B98F-28A1CC200D79}.Debug|x86.Build.0 = Debug|x86
		{8E6F7189-150C-4E93-B98F-28A1CC200D79}.Release|Any CPU.ActiveCfg = Release|x86
		{8E6F7189-150C-4E93-B98F-28A1CC200D79}.Release|Mixed Platforms.ActiveCfg = Release|x86
		{8E6F7189-150C-4E93-B98F-28A1CC200D79}.Release|Mixed Platforms.Build.0 = Release|x86
		{8E6F7189-150C-4E93-B98F-28A1CC200D79}.Release|X64.ActiveCfg = Release|x86
		{8E6F7189-150C-4E93-B98F-28A1CC200D79}.Release|x86.ActiveCfg = Release|x86
		{8E6F7189-150C-4E93-B98F-28A1CC200D79}.Release|x86.Build.0 = Release|x86
		{527DA210-44B9-4E24-BE23-C83BC8339C6A}.Debug|Any CPU.ActiveCfg = Debug|x86
		{527DA210-44B9-4E24-BE23-C83BC8339C6A}.Debug|Mixed Platforms.ActiveCfg = Debug|x86
		{527DA210-44B9-4E24-BE23-C83BC8339C6A}.Debug|X64.ActiveCfg = Debug|x86
		{527DA210-44B9-4E24-BE23-C83BC8339C6A}.Debug|x86.ActiveCfg = Debug|x86
		{527DA210-44B9-4E24-BE23-C83BC8339C6A}.Release|Any CPU.ActiveCfg = Release|x86
		{527DA210-44B9-4E24-BE23-C83BC8339C6A}.Release|Mixed Platforms.ActiveCfg = Release|x86
		{527DA210-44B9-4E24-BE23-C83BC8339C6A}.Release|X64.ActiveCfg = Release|x86
		{527DA210-44B9-4E24-BE23-C83BC8339C6A}.Release|x86.ActiveCfg = Release|x86
		{8B236A28-C004-4207-8F6E-2DE18D4739D5}.Debug|Any CPU.ActiveCfg = Debug|Any CPU
		{8B236A28-C004-4207-8F6E-2DE18D4739D5}.Debug|Any CPU.Build.0 = Debug|Any CPU
		{8B236A28-C004-4207-8F6E-2DE18D4739D5}.Debug|Mixed Platforms.ActiveCfg = Debug|Any CPU
		{8B236A28-C004-4207-8F6E-2DE18D4739D5}.Debug|Mixed Platforms.Build.0 = Debug|Any CPU
		{8B236A28-C004-4207-8F6E-2DE18D4739D5}.Debug|X64.ActiveCfg = Debug|Any CPU
		{8B236A28-C004-4207-8F6E-2DE18D4739D5}.Debug|x86.ActiveCfg = Debug|Any CPU
		{8B236A28-C004-4207-8F6E-2DE18D4739D5}.Release|Any CPU.ActiveCfg = Release|Any CPU
		{8B236A28-C004-4207-8F6E-2DE18D4739D5}.Release|Any CPU.Build.0 = Release|Any CPU
		{8B236A28-C004-4207-8F6E-2DE18D4739D5}.Release|Mixed Platforms.ActiveCfg = Release|Any CPU
		{8B236A28-C004-4207-8F6E-2DE18D4739D5}.Release|Mixed Platforms.Build.0 = Release|Any CPU
		{8B236A28-C004-4207-8F6E-2DE18D4739D5}.Release|X64.ActiveCfg = Release|Any CPU
		{8B236A28-C004-4207-8F6E-2DE18D4739D5}.Release|x86.ActiveCfg = Release|Any CPU
		{B76FFCE6-2D2B-43F2-B71F-EDA7ED82FEB5}.Debug|Any CPU.ActiveCfg = Debug|Any CPU
		{B76FFCE6-2D2B-43F2-B71F-EDA7ED82FEB5}.Debug|Any CPU.Build.0 = Debug|Any CPU
		{B76FFCE6-2D2B-43F2-B71F-EDA7ED82FEB5}.Debug|Mixed Platforms.ActiveCfg = Debug|X64
		{B76FFCE6-2D2B-43F2-B71F-EDA7ED82FEB5}.Debug|Mixed Platforms.Build.0 = Debug|X64
		{B76FFCE6-2D2B-43F2-B71F-EDA7ED82FEB5}.Debug|X64.ActiveCfg = Debug|X64
		{B76FFCE6-2D2B-43F2-B71F-EDA7ED82FEB5}.Debug|X64.Build.0 = Debug|X64
		{B76FFCE6-2D2B-43F2-B71F-EDA7ED82FEB5}.Debug|x86.ActiveCfg = Debug|X64
		{B76FFCE6-2D2B-43F2-B71F-EDA7ED82FEB5}.Release|Any CPU.ActiveCfg = Release|Any CPU
		{B76FFCE6-2D2B-43F2-B71F-EDA7ED82FEB5}.Release|Any CPU.Build.0 = Release|Any CPU
		{B76FFCE6-2D2B-43F2-B71F-EDA7ED82FEB5}.Release|Mixed Platforms.ActiveCfg = Release|X64
		{B76FFCE6-2D2B-43F2-B71F-EDA7ED82FEB5}.Release|Mixed Platforms.Build.0 = Release|X64
		{B76FFCE6-2D2B-43F2-B71F-EDA7ED82FEB5}.Release|X64.ActiveCfg = Release|X64
		{B76FFCE6-2D2B-43F2-B71F-EDA7ED82FEB5}.Release|X64.Build.0 = Release|X64
		{B76FFCE6-2D2B-43F2-B71F-EDA7ED82FEB5}.Release|x86.ActiveCfg = Release|X64
	EndGlobalSection
	GlobalSection(SolutionProperties) = preSolution
		HideSolutionNode = FALSE
	EndGlobalSection
EndGlobal
