
Microsoft Visual Studio Solution File, Format Version 11.00
# Visual Studio 2010
Project("{FAE04EC0-301F-11D3-BF4B-00C04F79EFBC}") = "WarSpot.Contracts.Intellect", "WarSpot.Contracts.Intellect\WarSpot.Contracts.Intellect.csproj", "{218A447E-8808-4987-B665-A8B1FB107022}"
EndProject
Project("{FAE04EC0-301F-11D3-BF4B-00C04F79EFBC}") = "WarSpot.Client.XnaClient", "WarSpot.Client.XnaClient\WarSpot.Client.XnaClient.csproj", "{8E6F7189-150C-4E93-B98F-28A1CC200D79}"
EndProject
Project("{FAE04EC0-301F-11D3-BF4B-00C04F79EFBC}") = "WarSpot.Client.XnaClientContent", "WarSpot.Client.XnaClientContent\WarSpot.Client.XnaClientContent.contentproj", "{527DA210-44B9-4E24-BE23-C83BC8339C6A}"
EndProject
Project("{FAE04EC0-301F-11D3-BF4B-00C04F79EFBC}") = "WarSpot.MatchComputer", "WarSpot.MatchComputer\WarSpot.MatchComputer.csproj", "{8B236A28-C004-4207-8F6E-2DE18D4739D5}"
EndProject
Project("{FAE04EC0-301F-11D3-BF4B-00C04F79EFBC}") = "WarSpot.Xna.Lite", "WarSpot.Xna.Framework.Lite\WarSpot.Xna.Lite.csproj", "{B76FFCE6-2D2B-43F2-B71F-EDA7ED82FEB5}"
EndProject
Project("{CC5FD16D-436D-48AD-A40C-5A424C6E3E79}") = "WarSpot.Cloud", "WarSpot.Cloud\WarSpot.Cloud.ccproj", "{99999999-9999-9999-9999-999999999999}"
EndProject
Project("{FAE04EC0-301F-11D3-BF4B-00C04F79EFBC}") = "WarSpot.Cloud.MatchComputer", "WarSpot.Cloud.MatchComputer\WarSpot.Cloud.MatchComputer.csproj", "{06D57BAE-127C-45D7-9D6D-F65B0D71ABED}"
EndProject
Project("{FAE04EC0-301F-11D3-BF4B-00C04F79EFBC}") = "WarSpot.Cloud.Storage", "WarSpot.Cloud.Storage\WarSpot.Cloud.Storage.csproj", "{4D2D5B7A-0BF4-41D2-BF18-F450BF3CB33F}"
EndProject
Project("{FAE04EC0-301F-11D3-BF4B-00C04F79EFBC}") = "WarSpot.Cloud.UserService", "WarSpot.Cloud.UserService\WarSpot.Cloud.UserService.csproj", "{9A5360EB-4FD7-45A7-97FC-93D322BDE6B9}"
EndProject
Project("{FAE04EC0-301F-11D3-BF4B-00C04F79EFBC}") = "WarSpot.Contracts.Service", "WarSpot.Contracts.Service\WarSpot.Contracts.Service.csproj", "{4D8DBA4A-A971-44F9-83D4-5129E47A0B89}"
EndProject
Global
	GlobalSection(SubversionScc) = preSolution
		Svn-Managed = True
		Manager = AnkhSVN - Subversion Support for Visual Studio
	EndGlobalSection
	GlobalSection(SolutionConfigurationPlatforms) = preSolution
		Debug|Any CPU = Debug|Any CPU
		Debug|Mixed Platforms = Debug|Mixed Platforms
		Release|Any CPU = Release|Any CPU
		Release|Mixed Platforms = Release|Mixed Platforms
	EndGlobalSection
	GlobalSection(ProjectConfigurationPlatforms) = postSolution
		{218A447E-8808-4987-B665-A8B1FB107022}.Debug|Any CPU.ActiveCfg = Debug|Any CPU
		{218A447E-8808-4987-B665-A8B1FB107022}.Debug|Any CPU.Build.0 = Debug|Any CPU
		{218A447E-8808-4987-B665-A8B1FB107022}.Debug|Mixed Platforms.ActiveCfg = Debug|Any CPU
		{218A447E-8808-4987-B665-A8B1FB107022}.Debug|Mixed Platforms.Build.0 = Debug|Any CPU
		{218A447E-8808-4987-B665-A8B1FB107022}.Release|Any CPU.ActiveCfg = Release|Any CPU
		{218A447E-8808-4987-B665-A8B1FB107022}.Release|Any CPU.Build.0 = Release|Any CPU
		{218A447E-8808-4987-B665-A8B1FB107022}.Release|Mixed Platforms.ActiveCfg = Release|Any CPU
		{218A447E-8808-4987-B665-A8B1FB107022}.Release|Mixed Platforms.Build.0 = Release|Any CPU
		{8E6F7189-150C-4E93-B98F-28A1CC200D79}.Debug|Any CPU.ActiveCfg = Debug|X64
		{8E6F7189-150C-4E93-B98F-28A1CC200D79}.Debug|Mixed Platforms.ActiveCfg = Debug|x86
		{8E6F7189-150C-4E93-B98F-28A1CC200D79}.Debug|Mixed Platforms.Build.0 = Debug|x86
		{8E6F7189-150C-4E93-B98F-28A1CC200D79}.Release|Any CPU.ActiveCfg = Release|X64
		{8E6F7189-150C-4E93-B98F-28A1CC200D79}.Release|Mixed Platforms.ActiveCfg = Release|x86
		{8E6F7189-150C-4E93-B98F-28A1CC200D79}.Release|Mixed Platforms.Build.0 = Release|x86
		{527DA210-44B9-4E24-BE23-C83BC8339C6A}.Debug|Any CPU.ActiveCfg = Debug|X64
		{527DA210-44B9-4E24-BE23-C83BC8339C6A}.Debug|Mixed Platforms.ActiveCfg = Debug|x86
		{527DA210-44B9-4E24-BE23-C83BC8339C6A}.Release|Any CPU.ActiveCfg = Release|X64
		{527DA210-44B9-4E24-BE23-C83BC8339C6A}.Release|Mixed Platforms.ActiveCfg = Release|x86
		{8B236A28-C004-4207-8F6E-2DE18D4739D5}.Debug|Any CPU.ActiveCfg = Debug|Any CPU
		{8B236A28-C004-4207-8F6E-2DE18D4739D5}.Debug|Any CPU.Build.0 = Debug|Any CPU
		{8B236A28-C004-4207-8F6E-2DE18D4739D5}.Debug|Mixed Platforms.ActiveCfg = Debug|Any CPU
		{8B236A28-C004-4207-8F6E-2DE18D4739D5}.Debug|Mixed Platforms.Build.0 = Debug|Any CPU
		{8B236A28-C004-4207-8F6E-2DE18D4739D5}.Release|Any CPU.ActiveCfg = Release|Any CPU
		{8B236A28-C004-4207-8F6E-2DE18D4739D5}.Release|Any CPU.Build.0 = Release|Any CPU
		{8B236A28-C004-4207-8F6E-2DE18D4739D5}.Release|Mixed Platforms.ActiveCfg = Release|Any CPU
		{8B236A28-C004-4207-8F6E-2DE18D4739D5}.Release|Mixed Platforms.Build.0 = Release|Any CPU
		{B76FFCE6-2D2B-43F2-B71F-EDA7ED82FEB5}.Debug|Any CPU.ActiveCfg = Debug|Any CPU
		{B76FFCE6-2D2B-43F2-B71F-EDA7ED82FEB5}.Debug|Any CPU.Build.0 = Debug|Any CPU
		{B76FFCE6-2D2B-43F2-B71F-EDA7ED82FEB5}.Debug|Mixed Platforms.ActiveCfg = Debug|Any CPU
		{B76FFCE6-2D2B-43F2-B71F-EDA7ED82FEB5}.Debug|Mixed Platforms.Build.0 = Debug|Any CPU
		{B76FFCE6-2D2B-43F2-B71F-EDA7ED82FEB5}.Release|Any CPU.ActiveCfg = Release|Any CPU
		{B76FFCE6-2D2B-43F2-B71F-EDA7ED82FEB5}.Release|Any CPU.Build.0 = Release|Any CPU
		{B76FFCE6-2D2B-43F2-B71F-EDA7ED82FEB5}.Release|Mixed Platforms.ActiveCfg = Release|Any CPU
		{B76FFCE6-2D2B-43F2-B71F-EDA7ED82FEB5}.Release|Mixed Platforms.Build.0 = Release|Any CPU
		{99999999-9999-9999-9999-999999999999}.Debug|Any CPU.ActiveCfg = Debug|Any CPU
		{99999999-9999-9999-9999-999999999999}.Debug|Any CPU.Build.0 = Debug|Any CPU
		{99999999-9999-9999-9999-999999999999}.Debug|Mixed Platforms.ActiveCfg = Debug|Any CPU
		{99999999-9999-9999-9999-999999999999}.Debug|Mixed Platforms.Build.0 = Debug|Any CPU
		{99999999-9999-9999-9999-999999999999}.Release|Any CPU.ActiveCfg = Release|Any CPU
		{99999999-9999-9999-9999-999999999999}.Release|Any CPU.Build.0 = Release|Any CPU
		{99999999-9999-9999-9999-999999999999}.Release|Mixed Platforms.ActiveCfg = Release|Any CPU
		{99999999-9999-9999-9999-999999999999}.Release|Mixed Platforms.Build.0 = Release|Any CPU
		{06D57BAE-127C-45D7-9D6D-F65B0D71ABED}.Debug|Any CPU.ActiveCfg = Debug|Any CPU
		{06D57BAE-127C-45D7-9D6D-F65B0D71ABED}.Debug|Any CPU.Build.0 = Debug|Any CPU
		{06D57BAE-127C-45D7-9D6D-F65B0D71ABED}.Debug|Mixed Platforms.ActiveCfg = Debug|Any CPU
		{06D57BAE-127C-45D7-9D6D-F65B0D71ABED}.Debug|Mixed Platforms.Build.0 = Debug|Any CPU
		{06D57BAE-127C-45D7-9D6D-F65B0D71ABED}.Release|Any CPU.ActiveCfg = Release|Any CPU
		{06D57BAE-127C-45D7-9D6D-F65B0D71ABED}.Release|Any CPU.Build.0 = Release|Any CPU
		{06D57BAE-127C-45D7-9D6D-F65B0D71ABED}.Release|Mixed Platforms.ActiveCfg = Release|Any CPU
		{06D57BAE-127C-45D7-9D6D-F65B0D71ABED}.Release|Mixed Platforms.Build.0 = Release|Any CPU
		{4D2D5B7A-0BF4-41D2-BF18-F450BF3CB33F}.Debug|Any CPU.ActiveCfg = Debug|Any CPU
		{4D2D5B7A-0BF4-41D2-BF18-F450BF3CB33F}.Debug|Any CPU.Build.0 = Debug|Any CPU
		{4D2D5B7A-0BF4-41D2-BF18-F450BF3CB33F}.Debug|Mixed Platforms.ActiveCfg = Debug|Any CPU
		{4D2D5B7A-0BF4-41D2-BF18-F450BF3CB33F}.Debug|Mixed Platforms.Build.0 = Debug|Any CPU
		{4D2D5B7A-0BF4-41D2-BF18-F450BF3CB33F}.Release|Any CPU.ActiveCfg = Release|Any CPU
		{4D2D5B7A-0BF4-41D2-BF18-F450BF3CB33F}.Release|Any CPU.Build.0 = Release|Any CPU
		{4D2D5B7A-0BF4-41D2-BF18-F450BF3CB33F}.Release|Mixed Platforms.ActiveCfg = Release|Any CPU
		{4D2D5B7A-0BF4-41D2-BF18-F450BF3CB33F}.Release|Mixed Platforms.Build.0 = Release|Any CPU
		{9A5360EB-4FD7-45A7-97FC-93D322BDE6B9}.Debug|Any CPU.ActiveCfg = Debug|Any CPU
		{9A5360EB-4FD7-45A7-97FC-93D322BDE6B9}.Debug|Any CPU.Build.0 = Debug|Any CPU
		{9A5360EB-4FD7-45A7-97FC-93D322BDE6B9}.Debug|Mixed Platforms.ActiveCfg = Debug|Any CPU
		{9A5360EB-4FD7-45A7-97FC-93D322BDE6B9}.Debug|Mixed Platforms.Build.0 = Debug|Any CPU
		{9A5360EB-4FD7-45A7-97FC-93D322BDE6B9}.Release|Any CPU.ActiveCfg = Release|Any CPU
		{9A5360EB-4FD7-45A7-97FC-93D322BDE6B9}.Release|Any CPU.Build.0 = Release|Any CPU
		{9A5360EB-4FD7-45A7-97FC-93D322BDE6B9}.Release|Mixed Platforms.ActiveCfg = Release|Any CPU
		{9A5360EB-4FD7-45A7-97FC-93D322BDE6B9}.Release|Mixed Platforms.Build.0 = Release|Any CPU
		{4D8DBA4A-A971-44F9-83D4-5129E47A0B89}.Debug|Any CPU.ActiveCfg = Debug|Any CPU
		{4D8DBA4A-A971-44F9-83D4-5129E47A0B89}.Debug|Any CPU.Build.0 = Debug|Any CPU
		{4D8DBA4A-A971-44F9-83D4-5129E47A0B89}.Debug|Mixed Platforms.ActiveCfg = Debug|Any CPU
		{4D8DBA4A-A971-44F9-83D4-5129E47A0B89}.Debug|Mixed Platforms.Build.0 = Debug|Any CPU
		{4D8DBA4A-A971-44F9-83D4-5129E47A0B89}.Release|Any CPU.ActiveCfg = Release|Any CPU
		{4D8DBA4A-A971-44F9-83D4-5129E47A0B89}.Release|Any CPU.Build.0 = Release|Any CPU
		{4D8DBA4A-A971-44F9-83D4-5129E47A0B89}.Release|Mixed Platforms.ActiveCfg = Release|Any CPU
		{4D8DBA4A-A971-44F9-83D4-5129E47A0B89}.Release|Mixed Platforms.Build.0 = Release|Any CPU
	EndGlobalSection
	GlobalSection(SolutionProperties) = preSolution
		HideSolutionNode = FALSE
	EndGlobalSection
EndGlobal
