
Microsoft Visual Studio Solution File, Format Version 11.00
# Visual Studio 2010
Project("{FAE04EC0-301F-11D3-BF4B-00C04F79EFBC}") = "di.mind.stone", "di.mind.stone\di.mind.stone.csproj", "{6E711265-354A-4421-A552-FBF810ABC3DC}"
EndProject
Project("{FAE04EC0-301F-11D3-BF4B-00C04F79EFBC}") = "di.mind.Loafer", "di.mind.Loafer\di.mind.Loafer.csproj", "{88E8AEB7-07A3-4EC0-8A43-B6EA552EAE69}"
EndProject
Project("{FAE04EC0-301F-11D3-BF4B-00C04F79EFBC}") = "di.mind.ListPerformer", "di.mind.ListPerformer\di.mind.ListPerformer.csproj", "{D6535DA5-D396-4B5F-8C7B-26C3547A368E}"
EndProject
Global
	GlobalSection(SolutionConfigurationPlatforms) = preSolution
		Debug|Any CPU = Debug|Any CPU
		Release|Any CPU = Release|Any CPU
	EndGlobalSection
	GlobalSection(ProjectConfigurationPlatforms) = postSolution
		{6E711265-354A-4421-A552-FBF810ABC3DC}.Debug|Any CPU.ActiveCfg = Debug|Any CPU
		{6E711265-354A-4421-A552-FBF810ABC3DC}.Debug|Any CPU.Build.0 = Debug|Any CPU
		{6E711265-354A-4421-A552-FBF810ABC3DC}.Release|Any CPU.ActiveCfg = Release|Any CPU
		{6E711265-354A-4421-A552-FBF810ABC3DC}.Release|Any CPU.Build.0 = Release|Any CPU
		{88E8AEB7-07A3-4EC0-8A43-B6EA552EAE69}.Debug|Any CPU.ActiveCfg = Debug|Any CPU
		{88E8AEB7-07A3-4EC0-8A43-B6EA552EAE69}.Debug|Any CPU.Build.0 = Debug|Any CPU
		{88E8AEB7-07A3-4EC0-8A43-B6EA552EAE69}.Release|Any CPU.ActiveCfg = Release|Any CPU
		{88E8AEB7-07A3-4EC0-8A43-B6EA552EAE69}.Release|Any CPU.Build.0 = Release|Any CPU
		{D6535DA5-D396-4B5F-8C7B-26C3547A368E}.Debug|Any CPU.ActiveCfg = Debug|Any CPU
		{D6535DA5-D396-4B5F-8C7B-26C3547A368E}.Debug|Any CPU.Build.0 = Debug|Any CPU
		{D6535DA5-D396-4B5F-8C7B-26C3547A368E}.Release|Any CPU.ActiveCfg = Release|Any CPU
		{D6535DA5-D396-4B5F-8C7B-26C3547A368E}.Release|Any CPU.Build.0 = Release|Any CPU
	EndGlobalSection
	GlobalSection(SolutionProperties) = preSolution
		HideSolutionNode = FALSE
	EndGlobalSection
	GlobalSection(SubversionScc) = preSolution
		Svn-Managed = True
		Manager = AnkhSVN - Subversion Support for Visual Studio
	EndGlobalSection
EndGlobal
